
Microsoft Visual Studio Solution File, Format Version 12.00
# Visual Studio 15
VisualStudioVersion = 15.0.28010.2026
MinimumVisualStudioVersion = 10.0.40219.1
Project("{FAE04EC0-301F-11D3-BF4B-00C04F79EFBC}") = "PracticeSideNavBar", "PracticeSideNavBar\PracticeSideNavBar.csproj", "{3D0F8A15-6287-4577-B44F-BC8884F73158}"
EndProject
Project("{FAE04EC0-301F-11D3-BF4B-00C04F79EFBC}") = "navBarWithbootstrap", "navBarWithbootstrap\navBarWithbootstrap.csproj", "{67DAA96F-53B8-4E3D-A1F3-45978163B1CA}"
EndProject
Global
	GlobalSection(SolutionConfigurationPlatforms) = preSolution
		Debug|Any CPU = Debug|Any CPU
		Release|Any CPU = Release|Any CPU
	EndGlobalSection
	GlobalSection(ProjectConfigurationPlatforms) = postSolution
		{3D0F8A15-6287-4577-B44F-BC8884F73158}.Debug|Any CPU.ActiveCfg = Debug|Any CPU
		{3D0F8A15-6287-4577-B44F-BC8884F73158}.Debug|Any CPU.Build.0 = Debug|Any CPU
		{3D0F8A15-6287-4577-B44F-BC8884F73158}.Release|Any CPU.ActiveCfg = Release|Any CPU
		{3D0F8A15-6287-4577-B44F-BC8884F73158}.Release|Any CPU.Build.0 = Release|Any CPU
		{67DAA96F-53B8-4E3D-A1F3-45978163B1CA}.Debug|Any CPU.ActiveCfg = Debug|Any CPU
		{67DAA96F-53B8-4E3D-A1F3-45978163B1CA}.Debug|Any CPU.Build.0 = Debug|Any CPU
		{67DAA96F-53B8-4E3D-A1F3-45978163B1CA}.Release|Any CPU.ActiveCfg = Release|Any CPU
		{67DAA96F-53B8-4E3D-A1F3-45978163B1CA}.Release|Any CPU.Build.0 = Release|Any CPU
	EndGlobalSection
	GlobalSection(SolutionProperties) = preSolution
		HideSolutionNode = FALSE
	EndGlobalSection
	GlobalSection(ExtensibilityGlobals) = postSolution
		SolutionGuid = {86319110-9A93-4BFA-B05B-6D16B3DC26AC}
	EndGlobalSection
EndGlobal
