
Microsoft Visual Studio Solution File, Format Version 12.00
# Visual Studio 14
VisualStudioVersion = 14.0.25420.1
MinimumVisualStudioVersion = 10.0.40219.1
Project("{FAE04EC0-301F-11D3-BF4B-00C04F79EFBC}") = "App2", "App2\App2\App2.csproj", "{4A5169E7-63EC-4859-8858-E31EB743FC81}"
EndProject
Project("{FAE04EC0-301F-11D3-BF4B-00C04F79EFBC}") = "App2.Droid", "App2\App2.Droid\App2.Droid.csproj", "{1DC2FD95-E0E4-4058-BEB5-3EEC95AFAA04}"
EndProject
Project("{FAE04EC0-301F-11D3-BF4B-00C04F79EFBC}") = "App2.iOS", "App2\App2.iOS\App2.iOS.csproj", "{55E02539-E9B8-48D0-BCEF-B05C3913D442}"
EndProject
Project("{FAE04EC0-301F-11D3-BF4B-00C04F79EFBC}") = "App2.WinPhone", "App2\App2.WinPhone\App2.WinPhone.csproj", "{C6AF654E-9E01-4432-B2BE-D4DD29ACC582}"
EndProject
Project("{FAE04EC0-301F-11D3-BF4B-00C04F79EFBC}") = "App2.Windows", "App2\App2.Windows\App2.Windows.csproj", "{C491779A-92C6-41EF-A3AD-9A82183694A9}"
EndProject
Global
	GlobalSection(SolutionConfigurationPlatforms) = preSolution
		Ad-Hoc|Any CPU = Ad-Hoc|Any CPU
		Ad-Hoc|ARM = Ad-Hoc|ARM
		Ad-Hoc|iPhone = Ad-Hoc|iPhone
		Ad-Hoc|iPhoneSimulator = Ad-Hoc|iPhoneSimulator
		Ad-Hoc|x64 = Ad-Hoc|x64
		Ad-Hoc|x86 = Ad-Hoc|x86
		AppStore|Any CPU = AppStore|Any CPU
		AppStore|ARM = AppStore|ARM
		AppStore|iPhone = AppStore|iPhone
		AppStore|iPhoneSimulator = AppStore|iPhoneSimulator
		AppStore|x64 = AppStore|x64
		AppStore|x86 = AppStore|x86
		Debug|Any CPU = Debug|Any CPU
		Debug|ARM = Debug|ARM
		Debug|iPhone = Debug|iPhone
		Debug|iPhoneSimulator = Debug|iPhoneSimulator
		Debug|x64 = Debug|x64
		Debug|x86 = Debug|x86
		Release|Any CPU = Release|Any CPU
		Release|ARM = Release|ARM
		Release|iPhone = Release|iPhone
		Release|iPhoneSimulator = Release|iPhoneSimulator
		Release|x64 = Release|x64
		Release|x86 = Release|x86
	EndGlobalSection
	GlobalSection(ProjectConfigurationPlatforms) = postSolution
		{4A5169E7-63EC-4859-8858-E31EB743FC81}.Ad-Hoc|Any CPU.ActiveCfg = Release|Any CPU
		{4A5169E7-63EC-4859-8858-E31EB743FC81}.Ad-Hoc|Any CPU.Build.0 = Release|Any CPU
		{4A5169E7-63EC-4859-8858-E31EB743FC81}.Ad-Hoc|ARM.ActiveCfg = Release|Any CPU
		{4A5169E7-63EC-4859-8858-E31EB743FC81}.Ad-Hoc|ARM.Build.0 = Release|Any CPU
		{4A5169E7-63EC-4859-8858-E31EB743FC81}.Ad-Hoc|iPhone.ActiveCfg = Release|Any CPU
		{4A5169E7-63EC-4859-8858-E31EB743FC81}.Ad-Hoc|iPhone.Build.0 = Release|Any CPU
		{4A5169E7-63EC-4859-8858-E31EB743FC81}.Ad-Hoc|iPhoneSimulator.ActiveCfg = Release|Any CPU
		{4A5169E7-63EC-4859-8858-E31EB743FC81}.Ad-Hoc|iPhoneSimulator.Build.0 = Release|Any CPU
		{4A5169E7-63EC-4859-8858-E31EB743FC81}.Ad-Hoc|x64.ActiveCfg = Release|Any CPU
		{4A5169E7-63EC-4859-8858-E31EB743FC81}.Ad-Hoc|x64.Build.0 = Release|Any CPU
		{4A5169E7-63EC-4859-8858-E31EB743FC81}.Ad-Hoc|x86.ActiveCfg = Release|Any CPU
		{4A5169E7-63EC-4859-8858-E31EB743FC81}.Ad-Hoc|x86.Build.0 = Release|Any CPU
		{4A5169E7-63EC-4859-8858-E31EB743FC81}.AppStore|Any CPU.ActiveCfg = Release|Any CPU
		{4A5169E7-63EC-4859-8858-E31EB743FC81}.AppStore|Any CPU.Build.0 = Release|Any CPU
		{4A5169E7-63EC-4859-8858-E31EB743FC81}.AppStore|ARM.ActiveCfg = Release|Any CPU
		{4A5169E7-63EC-4859-8858-E31EB743FC81}.AppStore|ARM.Build.0 = Release|Any CPU
		{4A5169E7-63EC-4859-8858-E31EB743FC81}.AppStore|iPhone.ActiveCfg = Release|Any CPU
		{4A5169E7-63EC-4859-8858-E31EB743FC81}.AppStore|iPhone.Build.0 = Release|Any CPU
		{4A5169E7-63EC-4859-8858-E31EB743FC81}.AppStore|iPhoneSimulator.ActiveCfg = Release|Any CPU
		{4A5169E7-63EC-4859-8858-E31EB743FC81}.AppStore|iPhoneSimulator.Build.0 = Release|Any CPU
		{4A5169E7-63EC-4859-8858-E31EB743FC81}.AppStore|x64.ActiveCfg = Release|Any CPU
		{4A5169E7-63EC-4859-8858-E31EB743FC81}.AppStore|x64.Build.0 = Release|Any CPU
		{4A5169E7-63EC-4859-8858-E31EB743FC81}.AppStore|x86.ActiveCfg = Release|Any CPU
		{4A5169E7-63EC-4859-8858-E31EB743FC81}.AppStore|x86.Build.0 = Release|Any CPU
		{4A5169E7-63EC-4859-8858-E31EB743FC81}.Debug|Any CPU.ActiveCfg = Debug|Any CPU
		{4A5169E7-63EC-4859-8858-E31EB743FC81}.Debug|Any CPU.Build.0 = Debug|Any CPU
		{4A5169E7-63EC-4859-8858-E31EB743FC81}.Debug|ARM.ActiveCfg = Debug|Any CPU
		{4A5169E7-63EC-4859-8858-E31EB743FC81}.Debug|ARM.Build.0 = Debug|Any CPU
		{4A5169E7-63EC-4859-8858-E31EB743FC81}.Debug|iPhone.ActiveCfg = Debug|Any CPU
		{4A5169E7-63EC-4859-8858-E31EB743FC81}.Debug|iPhone.Build.0 = Debug|Any CPU
		{4A5169E7-63EC-4859-8858-E31EB743FC81}.Debug|iPhoneSimulator.ActiveCfg = Debug|Any CPU
		{4A5169E7-63EC-4859-8858-E31EB743FC81}.Debug|iPhoneSimulator.Build.0 = Debug|Any CPU
		{4A5169E7-63EC-4859-8858-E31EB743FC81}.Debug|x64.ActiveCfg = Debug|Any CPU
		{4A5169E7-63EC-4859-8858-E31EB743FC81}.Debug|x64.Build.0 = Debug|Any CPU
		{4A5169E7-63EC-4859-8858-E31EB743FC81}.Debug|x86.ActiveCfg = Debug|Any CPU
		{4A5169E7-63EC-4859-8858-E31EB743FC81}.Debug|x86.Build.0 = Debug|Any CPU
		{4A5169E7-63EC-4859-8858-E31EB743FC81}.Release|Any CPU.ActiveCfg = Release|Any CPU
		{4A5169E7-63EC-4859-8858-E31EB743FC81}.Release|Any CPU.Build.0 = Release|Any CPU
		{4A5169E7-63EC-4859-8858-E31EB743FC81}.Release|ARM.ActiveCfg = Release|Any CPU
		{4A5169E7-63EC-4859-8858-E31EB743FC81}.Release|ARM.Build.0 = Release|Any CPU
		{4A5169E7-63EC-4859-8858-E31EB743FC81}.Release|iPhone.ActiveCfg = Release|Any CPU
		{4A5169E7-63EC-4859-8858-E31EB743FC81}.Release|iPhone.Build.0 = Release|Any CPU
		{4A5169E7-63EC-4859-8858-E31EB743FC81}.Release|iPhoneSimulator.ActiveCfg = Release|Any CPU
		{4A5169E7-63EC-4859-8858-E31EB743FC81}.Release|iPhoneSimulator.Build.0 = Release|Any CPU
		{4A5169E7-63EC-4859-8858-E31EB743FC81}.Release|x64.ActiveCfg = Release|Any CPU
		{4A5169E7-63EC-4859-8858-E31EB743FC81}.Release|x64.Build.0 = Release|Any CPU
		{4A5169E7-63EC-4859-8858-E31EB743FC81}.Release|x86.ActiveCfg = Release|Any CPU
		{4A5169E7-63EC-4859-8858-E31EB743FC81}.Release|x86.Build.0 = Release|Any CPU
		{1DC2FD95-E0E4-4058-BEB5-3EEC95AFAA04}.Ad-Hoc|Any CPU.ActiveCfg = Release|Any CPU
		{1DC2FD95-E0E4-4058-BEB5-3EEC95AFAA04}.Ad-Hoc|Any CPU.Build.0 = Release|Any CPU
		{1DC2FD95-E0E4-4058-BEB5-3EEC95AFAA04}.Ad-Hoc|Any CPU.Deploy.0 = Release|Any CPU
		{1DC2FD95-E0E4-4058-BEB5-3EEC95AFAA04}.Ad-Hoc|ARM.ActiveCfg = Release|Any CPU
		{1DC2FD95-E0E4-4058-BEB5-3EEC95AFAA04}.Ad-Hoc|ARM.Build.0 = Release|Any CPU
		{1DC2FD95-E0E4-4058-BEB5-3EEC95AFAA04}.Ad-Hoc|ARM.Deploy.0 = Release|Any CPU
		{1DC2FD95-E0E4-4058-BEB5-3EEC95AFAA04}.Ad-Hoc|iPhone.ActiveCfg = Release|Any CPU
		{1DC2FD95-E0E4-4058-BEB5-3EEC95AFAA04}.Ad-Hoc|iPhone.Build.0 = Release|Any CPU
		{1DC2FD95-E0E4-4058-BEB5-3EEC95AFAA04}.Ad-Hoc|iPhone.Deploy.0 = Release|Any CPU
		{1DC2FD95-E0E4-4058-BEB5-3EEC95AFAA04}.Ad-Hoc|iPhoneSimulator.ActiveCfg = Release|Any CPU
		{1DC2FD95-E0E4-4058-BEB5-3EEC95AFAA04}.Ad-Hoc|iPhoneSimulator.Build.0 = Release|Any CPU
		{1DC2FD95-E0E4-4058-BEB5-3EEC95AFAA04}.Ad-Hoc|iPhoneSimulator.Deploy.0 = Release|Any CPU
		{1DC2FD95-E0E4-4058-BEB5-3EEC95AFAA04}.Ad-Hoc|x64.ActiveCfg = Release|Any CPU
		{1DC2FD95-E0E4-4058-BEB5-3EEC95AFAA04}.Ad-Hoc|x64.Build.0 = Release|Any CPU
		{1DC2FD95-E0E4-4058-BEB5-3EEC95AFAA04}.Ad-Hoc|x64.Deploy.0 = Release|Any CPU
		{1DC2FD95-E0E4-4058-BEB5-3EEC95AFAA04}.Ad-Hoc|x86.ActiveCfg = Release|Any CPU
		{1DC2FD95-E0E4-4058-BEB5-3EEC95AFAA04}.Ad-Hoc|x86.Build.0 = Release|Any CPU
		{1DC2FD95-E0E4-4058-BEB5-3EEC95AFAA04}.Ad-Hoc|x86.Deploy.0 = Release|Any CPU
		{1DC2FD95-E0E4-4058-BEB5-3EEC95AFAA04}.AppStore|Any CPU.ActiveCfg = Release|Any CPU
		{1DC2FD95-E0E4-4058-BEB5-3EEC95AFAA04}.AppStore|Any CPU.Build.0 = Release|Any CPU
		{1DC2FD95-E0E4-4058-BEB5-3EEC95AFAA04}.AppStore|Any CPU.Deploy.0 = Release|Any CPU
		{1DC2FD95-E0E4-4058-BEB5-3EEC95AFAA04}.AppStore|ARM.ActiveCfg = Release|Any CPU
		{1DC2FD95-E0E4-4058-BEB5-3EEC95AFAA04}.AppStore|ARM.Build.0 = Release|Any CPU
		{1DC2FD95-E0E4-4058-BEB5-3EEC95AFAA04}.AppStore|ARM.Deploy.0 = Release|Any CPU
		{1DC2FD95-E0E4-4058-BEB5-3EEC95AFAA04}.AppStore|iPhone.ActiveCfg = Release|Any CPU
		{1DC2FD95-E0E4-4058-BEB5-3EEC95AFAA04}.AppStore|iPhone.Build.0 = Release|Any CPU
		{1DC2FD95-E0E4-4058-BEB5-3EEC95AFAA04}.AppStore|iPhone.Deploy.0 = Release|Any CPU
		{1DC2FD95-E0E4-4058-BEB5-3EEC95AFAA04}.AppStore|iPhoneSimulator.ActiveCfg = Release|Any CPU
		{1DC2FD95-E0E4-4058-BEB5-3EEC95AFAA04}.AppStore|iPhoneSimulator.Build.0 = Release|Any CPU
		{1DC2FD95-E0E4-4058-BEB5-3EEC95AFAA04}.AppStore|iPhoneSimulator.Deploy.0 = Release|Any CPU
		{1DC2FD95-E0E4-4058-BEB5-3EEC95AFAA04}.AppStore|x64.ActiveCfg = Release|Any CPU
		{1DC2FD95-E0E4-4058-BEB5-3EEC95AFAA04}.AppStore|x64.Build.0 = Release|Any CPU
		{1DC2FD95-E0E4-4058-BEB5-3EEC95AFAA04}.AppStore|x64.Deploy.0 = Release|Any CPU
		{1DC2FD95-E0E4-4058-BEB5-3EEC95AFAA04}.AppStore|x86.ActiveCfg = Release|Any CPU
		{1DC2FD95-E0E4-4058-BEB5-3EEC95AFAA04}.AppStore|x86.Build.0 = Release|Any CPU
		{1DC2FD95-E0E4-4058-BEB5-3EEC95AFAA04}.AppStore|x86.Deploy.0 = Release|Any CPU
		{1DC2FD95-E0E4-4058-BEB5-3EEC95AFAA04}.Debug|Any CPU.ActiveCfg = Debug|Any CPU
		{1DC2FD95-E0E4-4058-BEB5-3EEC95AFAA04}.Debug|Any CPU.Build.0 = Debug|Any CPU
		{1DC2FD95-E0E4-4058-BEB5-3EEC95AFAA04}.Debug|Any CPU.Deploy.0 = Debug|Any CPU
		{1DC2FD95-E0E4-4058-BEB5-3EEC95AFAA04}.Debug|ARM.ActiveCfg = Debug|Any CPU
		{1DC2FD95-E0E4-4058-BEB5-3EEC95AFAA04}.Debug|ARM.Build.0 = Debug|Any CPU
		{1DC2FD95-E0E4-4058-BEB5-3EEC95AFAA04}.Debug|ARM.Deploy.0 = Debug|Any CPU
		{1DC2FD95-E0E4-4058-BEB5-3EEC95AFAA04}.Debug|iPhone.ActiveCfg = Debug|Any CPU
		{1DC2FD95-E0E4-4058-BEB5-3EEC95AFAA04}.Debug|iPhone.Build.0 = Debug|Any CPU
		{1DC2FD95-E0E4-4058-BEB5-3EEC95AFAA04}.Debug|iPhone.Deploy.0 = Debug|Any CPU
		{1DC2FD95-E0E4-4058-BEB5-3EEC95AFAA04}.Debug|iPhoneSimulator.ActiveCfg = Debug|Any CPU
		{1DC2FD95-E0E4-4058-BEB5-3EEC95AFAA04}.Debug|iPhoneSimulator.Build.0 = Debug|Any CPU
		{1DC2FD95-E0E4-4058-BEB5-3EEC95AFAA04}.Debug|iPhoneSimulator.Deploy.0 = Debug|Any CPU
		{1DC2FD95-E0E4-4058-BEB5-3EEC95AFAA04}.Debug|x64.ActiveCfg = Debug|Any CPU
		{1DC2FD95-E0E4-4058-BEB5-3EEC95AFAA04}.Debug|x64.Build.0 = Debug|Any CPU
		{1DC2FD95-E0E4-4058-BEB5-3EEC95AFAA04}.Debug|x64.Deploy.0 = Debug|Any CPU
		{1DC2FD95-E0E4-4058-BEB5-3EEC95AFAA04}.Debug|x86.ActiveCfg = Debug|Any CPU
		{1DC2FD95-E0E4-4058-BEB5-3EEC95AFAA04}.Debug|x86.Build.0 = Debug|Any CPU
		{1DC2FD95-E0E4-4058-BEB5-3EEC95AFAA04}.Debug|x86.Deploy.0 = Debug|Any CPU
		{1DC2FD95-E0E4-4058-BEB5-3EEC95AFAA04}.Release|Any CPU.ActiveCfg = Release|Any CPU
		{1DC2FD95-E0E4-4058-BEB5-3EEC95AFAA04}.Release|Any CPU.Build.0 = Release|Any CPU
		{1DC2FD95-E0E4-4058-BEB5-3EEC95AFAA04}.Release|Any CPU.Deploy.0 = Release|Any CPU
		{1DC2FD95-E0E4-4058-BEB5-3EEC95AFAA04}.Release|ARM.ActiveCfg = Release|Any CPU
		{1DC2FD95-E0E4-4058-BEB5-3EEC95AFAA04}.Release|ARM.Build.0 = Release|Any CPU
		{1DC2FD95-E0E4-4058-BEB5-3EEC95AFAA04}.Release|ARM.Deploy.0 = Release|Any CPU
		{1DC2FD95-E0E4-4058-BEB5-3EEC95AFAA04}.Release|iPhone.ActiveCfg = Release|Any CPU
		{1DC2FD95-E0E4-4058-BEB5-3EEC95AFAA04}.Release|iPhone.Build.0 = Release|Any CPU
		{1DC2FD95-E0E4-4058-BEB5-3EEC95AFAA04}.Release|iPhone.Deploy.0 = Release|Any CPU
		{1DC2FD95-E0E4-4058-BEB5-3EEC95AFAA04}.Release|iPhoneSimulator.ActiveCfg = Release|Any CPU
		{1DC2FD95-E0E4-4058-BEB5-3EEC95AFAA04}.Release|iPhoneSimulator.Build.0 = Release|Any CPU
		{1DC2FD95-E0E4-4058-BEB5-3EEC95AFAA04}.Release|iPhoneSimulator.Deploy.0 = Release|Any CPU
		{1DC2FD95-E0E4-4058-BEB5-3EEC95AFAA04}.Release|x64.ActiveCfg = Release|Any CPU
		{1DC2FD95-E0E4-4058-BEB5-3EEC95AFAA04}.Release|x64.Build.0 = Release|Any CPU
		{1DC2FD95-E0E4-4058-BEB5-3EEC95AFAA04}.Release|x64.Deploy.0 = Release|Any CPU
		{1DC2FD95-E0E4-4058-BEB5-3EEC95AFAA04}.Release|x86.ActiveCfg = Release|Any CPU
		{1DC2FD95-E0E4-4058-BEB5-3EEC95AFAA04}.Release|x86.Build.0 = Release|Any CPU
		{1DC2FD95-E0E4-4058-BEB5-3EEC95AFAA04}.Release|x86.Deploy.0 = Release|Any CPU
		{55E02539-E9B8-48D0-BCEF-B05C3913D442}.Ad-Hoc|Any CPU.ActiveCfg = Ad-Hoc|iPhone
		{55E02539-E9B8-48D0-BCEF-B05C3913D442}.Ad-Hoc|ARM.ActiveCfg = Ad-Hoc|iPhone
		{55E02539-E9B8-48D0-BCEF-B05C3913D442}.Ad-Hoc|iPhone.ActiveCfg = Ad-Hoc|iPhone
		{55E02539-E9B8-48D0-BCEF-B05C3913D442}.Ad-Hoc|iPhone.Build.0 = Ad-Hoc|iPhone
		{55E02539-E9B8-48D0-BCEF-B05C3913D442}.Ad-Hoc|iPhoneSimulator.ActiveCfg = Ad-Hoc|iPhoneSimulator
		{55E02539-E9B8-48D0-BCEF-B05C3913D442}.Ad-Hoc|iPhoneSimulator.Build.0 = Ad-Hoc|iPhoneSimulator
		{55E02539-E9B8-48D0-BCEF-B05C3913D442}.Ad-Hoc|x64.ActiveCfg = Ad-Hoc|iPhone
		{55E02539-E9B8-48D0-BCEF-B05C3913D442}.Ad-Hoc|x86.ActiveCfg = Ad-Hoc|iPhone
		{55E02539-E9B8-48D0-BCEF-B05C3913D442}.AppStore|Any CPU.ActiveCfg = AppStore|iPhone
		{55E02539-E9B8-48D0-BCEF-B05C3913D442}.AppStore|ARM.ActiveCfg = AppStore|iPhone
		{55E02539-E9B8-48D0-BCEF-B05C3913D442}.AppStore|iPhone.ActiveCfg = AppStore|iPhone
		{55E02539-E9B8-48D0-BCEF-B05C3913D442}.AppStore|iPhone.Build.0 = AppStore|iPhone
		{55E02539-E9B8-48D0-BCEF-B05C3913D442}.AppStore|iPhoneSimulator.ActiveCfg = AppStore|iPhoneSimulator
		{55E02539-E9B8-48D0-BCEF-B05C3913D442}.AppStore|iPhoneSimulator.Build.0 = AppStore|iPhoneSimulator
		{55E02539-E9B8-48D0-BCEF-B05C3913D442}.AppStore|x64.ActiveCfg = AppStore|iPhone
		{55E02539-E9B8-48D0-BCEF-B05C3913D442}.AppStore|x86.ActiveCfg = AppStore|iPhone
		{55E02539-E9B8-48D0-BCEF-B05C3913D442}.Debug|Any CPU.ActiveCfg = Debug|iPhone
		{55E02539-E9B8-48D0-BCEF-B05C3913D442}.Debug|ARM.ActiveCfg = Debug|iPhone
		{55E02539-E9B8-48D0-BCEF-B05C3913D442}.Debug|iPhone.ActiveCfg = Debug|iPhone
		{55E02539-E9B8-48D0-BCEF-B05C3913D442}.Debug|iPhone.Build.0 = Debug|iPhone
		{55E02539-E9B8-48D0-BCEF-B05C3913D442}.Debug|iPhoneSimulator.ActiveCfg = Debug|iPhoneSimulator
		{55E02539-E9B8-48D0-BCEF-B05C3913D442}.Debug|iPhoneSimulator.Build.0 = Debug|iPhoneSimulator
		{55E02539-E9B8-48D0-BCEF-B05C3913D442}.Debug|x64.ActiveCfg = Debug|iPhone
		{55E02539-E9B8-48D0-BCEF-B05C3913D442}.Debug|x86.ActiveCfg = Debug|iPhone
		{55E02539-E9B8-48D0-BCEF-B05C3913D442}.Release|Any CPU.ActiveCfg = Release|iPhone
		{55E02539-E9B8-48D0-BCEF-B05C3913D442}.Release|ARM.ActiveCfg = Release|iPhone
		{55E02539-E9B8-48D0-BCEF-B05C3913D442}.Release|iPhone.ActiveCfg = Release|iPhone
		{55E02539-E9B8-48D0-BCEF-B05C3913D442}.Release|iPhone.Build.0 = Release|iPhone
		{55E02539-E9B8-48D0-BCEF-B05C3913D442}.Release|iPhoneSimulator.ActiveCfg = Release|iPhoneSimulator
		{55E02539-E9B8-48D0-BCEF-B05C3913D442}.Release|iPhoneSimulator.Build.0 = Release|iPhoneSimulator
		{55E02539-E9B8-48D0-BCEF-B05C3913D442}.Release|x64.ActiveCfg = Release|iPhone
		{55E02539-E9B8-48D0-BCEF-B05C3913D442}.Release|x86.ActiveCfg = Release|iPhone
		{C6AF654E-9E01-4432-B2BE-D4DD29ACC582}.Ad-Hoc|Any CPU.ActiveCfg = Release|Any CPU
		{C6AF654E-9E01-4432-B2BE-D4DD29ACC582}.Ad-Hoc|Any CPU.Build.0 = Release|Any CPU
		{C6AF654E-9E01-4432-B2BE-D4DD29ACC582}.Ad-Hoc|Any CPU.Deploy.0 = Release|Any CPU
		{C6AF654E-9E01-4432-B2BE-D4DD29ACC582}.Ad-Hoc|ARM.ActiveCfg = Release|ARM
		{C6AF654E-9E01-4432-B2BE-D4DD29ACC582}.Ad-Hoc|ARM.Build.0 = Release|ARM
		{C6AF654E-9E01-4432-B2BE-D4DD29ACC582}.Ad-Hoc|ARM.Deploy.0 = Release|ARM
		{C6AF654E-9E01-4432-B2BE-D4DD29ACC582}.Ad-Hoc|iPhone.ActiveCfg = Release|Any CPU
		{C6AF654E-9E01-4432-B2BE-D4DD29ACC582}.Ad-Hoc|iPhone.Build.0 = Release|Any CPU
		{C6AF654E-9E01-4432-B2BE-D4DD29ACC582}.Ad-Hoc|iPhone.Deploy.0 = Release|Any CPU
		{C6AF654E-9E01-4432-B2BE-D4DD29ACC582}.Ad-Hoc|iPhoneSimulator.ActiveCfg = Release|Any CPU
		{C6AF654E-9E01-4432-B2BE-D4DD29ACC582}.Ad-Hoc|iPhoneSimulator.Build.0 = Release|Any CPU
		{C6AF654E-9E01-4432-B2BE-D4DD29ACC582}.Ad-Hoc|iPhoneSimulator.Deploy.0 = Release|Any CPU
		{C6AF654E-9E01-4432-B2BE-D4DD29ACC582}.Ad-Hoc|x64.ActiveCfg = Release|Any CPU
		{C6AF654E-9E01-4432-B2BE-D4DD29ACC582}.Ad-Hoc|x64.Build.0 = Release|Any CPU
		{C6AF654E-9E01-4432-B2BE-D4DD29ACC582}.Ad-Hoc|x64.Deploy.0 = Release|Any CPU
		{C6AF654E-9E01-4432-B2BE-D4DD29ACC582}.Ad-Hoc|x86.ActiveCfg = Release|x86
		{C6AF654E-9E01-4432-B2BE-D4DD29ACC582}.Ad-Hoc|x86.Build.0 = Release|x86
		{C6AF654E-9E01-4432-B2BE-D4DD29ACC582}.Ad-Hoc|x86.Deploy.0 = Release|x86
		{C6AF654E-9E01-4432-B2BE-D4DD29ACC582}.AppStore|Any CPU.ActiveCfg = Release|Any CPU
		{C6AF654E-9E01-4432-B2BE-D4DD29ACC582}.AppStore|Any CPU.Build.0 = Release|Any CPU
		{C6AF654E-9E01-4432-B2BE-D4DD29ACC582}.AppStore|Any CPU.Deploy.0 = Release|Any CPU
		{C6AF654E-9E01-4432-B2BE-D4DD29ACC582}.AppStore|ARM.ActiveCfg = Release|ARM
		{C6AF654E-9E01-4432-B2BE-D4DD29ACC582}.AppStore|ARM.Build.0 = Release|ARM
		{C6AF654E-9E01-4432-B2BE-D4DD29ACC582}.AppStore|ARM.Deploy.0 = Release|ARM
		{C6AF654E-9E01-4432-B2BE-D4DD29ACC582}.AppStore|iPhone.ActiveCfg = Release|Any CPU
		{C6AF654E-9E01-4432-B2BE-D4DD29ACC582}.AppStore|iPhone.Build.0 = Release|Any CPU
		{C6AF654E-9E01-4432-B2BE-D4DD29ACC582}.AppStore|iPhone.Deploy.0 = Release|Any CPU
		{C6AF654E-9E01-4432-B2BE-D4DD29ACC582}.AppStore|iPhoneSimulator.ActiveCfg = Release|Any CPU
		{C6AF654E-9E01-4432-B2BE-D4DD29ACC582}.AppStore|iPhoneSimulator.Build.0 = Release|Any CPU
		{C6AF654E-9E01-4432-B2BE-D4DD29ACC582}.AppStore|iPhoneSimulator.Deploy.0 = Release|Any CPU
		{C6AF654E-9E01-4432-B2BE-D4DD29ACC582}.AppStore|x64.ActiveCfg = Release|Any CPU
		{C6AF654E-9E01-4432-B2BE-D4DD29ACC582}.AppStore|x64.Build.0 = Release|Any CPU
		{C6AF654E-9E01-4432-B2BE-D4DD29ACC582}.AppStore|x64.Deploy.0 = Release|Any CPU
		{C6AF654E-9E01-4432-B2BE-D4DD29ACC582}.AppStore|x86.ActiveCfg = Release|x86
		{C6AF654E-9E01-4432-B2BE-D4DD29ACC582}.AppStore|x86.Build.0 = Release|x86
		{C6AF654E-9E01-4432-B2BE-D4DD29ACC582}.AppStore|x86.Deploy.0 = Release|x86
		{C6AF654E-9E01-4432-B2BE-D4DD29ACC582}.Debug|Any CPU.ActiveCfg = Debug|Any CPU
		{C6AF654E-9E01-4432-B2BE-D4DD29ACC582}.Debug|Any CPU.Build.0 = Debug|Any CPU
		{C6AF654E-9E01-4432-B2BE-D4DD29ACC582}.Debug|Any CPU.Deploy.0 = Debug|Any CPU
		{C6AF654E-9E01-4432-B2BE-D4DD29ACC582}.Debug|ARM.ActiveCfg = Debug|ARM
		{C6AF654E-9E01-4432-B2BE-D4DD29ACC582}.Debug|ARM.Build.0 = Debug|ARM
		{C6AF654E-9E01-4432-B2BE-D4DD29ACC582}.Debug|ARM.Deploy.0 = Debug|ARM
		{C6AF654E-9E01-4432-B2BE-D4DD29ACC582}.Debug|iPhone.ActiveCfg = Debug|Any CPU
		{C6AF654E-9E01-4432-B2BE-D4DD29ACC582}.Debug|iPhone.Build.0 = Debug|Any CPU
		{C6AF654E-9E01-4432-B2BE-D4DD29ACC582}.Debug|iPhone.Deploy.0 = Debug|Any CPU
		{C6AF654E-9E01-4432-B2BE-D4DD29ACC582}.Debug|iPhoneSimulator.ActiveCfg = Debug|Any CPU
		{C6AF654E-9E01-4432-B2BE-D4DD29ACC582}.Debug|iPhoneSimulator.Build.0 = Debug|Any CPU
		{C6AF654E-9E01-4432-B2BE-D4DD29ACC582}.Debug|iPhoneSimulator.Deploy.0 = Debug|Any CPU
		{C6AF654E-9E01-4432-B2BE-D4DD29ACC582}.Debug|x64.ActiveCfg = Debug|Any CPU
		{C6AF654E-9E01-4432-B2BE-D4DD29ACC582}.Debug|x64.Build.0 = Debug|Any CPU
		{C6AF654E-9E01-4432-B2BE-D4DD29ACC582}.Debug|x64.Deploy.0 = Debug|Any CPU
		{C6AF654E-9E01-4432-B2BE-D4DD29ACC582}.Debug|x86.ActiveCfg = Debug|x86
		{C6AF654E-9E01-4432-B2BE-D4DD29ACC582}.Debug|x86.Build.0 = Debug|x86
		{C6AF654E-9E01-4432-B2BE-D4DD29ACC582}.Debug|x86.Deploy.0 = Debug|x86
		{C6AF654E-9E01-4432-B2BE-D4DD29ACC582}.Release|Any CPU.ActiveCfg = Release|Any CPU
		{C6AF654E-9E01-4432-B2BE-D4DD29ACC582}.Release|Any CPU.Build.0 = Release|Any CPU
		{C6AF654E-9E01-4432-B2BE-D4DD29ACC582}.Release|Any CPU.Deploy.0 = Release|Any CPU
		{C6AF654E-9E01-4432-B2BE-D4DD29ACC582}.Release|ARM.ActiveCfg = Release|ARM
		{C6AF654E-9E01-4432-B2BE-D4DD29ACC582}.Release|ARM.Build.0 = Release|ARM
		{C6AF654E-9E01-4432-B2BE-D4DD29ACC582}.Release|ARM.Deploy.0 = Release|ARM
		{C6AF654E-9E01-4432-B2BE-D4DD29ACC582}.Release|iPhone.ActiveCfg = Release|Any CPU
		{C6AF654E-9E01-4432-B2BE-D4DD29ACC582}.Release|iPhone.Build.0 = Release|Any CPU
		{C6AF654E-9E01-4432-B2BE-D4DD29ACC582}.Release|iPhone.Deploy.0 = Release|Any CPU
		{C6AF654E-9E01-4432-B2BE-D4DD29ACC582}.Release|iPhoneSimulator.ActiveCfg = Release|Any CPU
		{C6AF654E-9E01-4432-B2BE-D4DD29ACC582}.Release|iPhoneSimulator.Build.0 = Release|Any CPU
		{C6AF654E-9E01-4432-B2BE-D4DD29ACC582}.Release|iPhoneSimulator.Deploy.0 = Release|Any CPU
		{C6AF654E-9E01-4432-B2BE-D4DD29ACC582}.Release|x64.ActiveCfg = Release|Any CPU
		{C6AF654E-9E01-4432-B2BE-D4DD29ACC582}.Release|x64.Build.0 = Release|Any CPU
		{C6AF654E-9E01-4432-B2BE-D4DD29ACC582}.Release|x64.Deploy.0 = Release|Any CPU
		{C6AF654E-9E01-4432-B2BE-D4DD29ACC582}.Release|x86.ActiveCfg = Release|x86
		{C6AF654E-9E01-4432-B2BE-D4DD29ACC582}.Release|x86.Build.0 = Release|x86
		{C6AF654E-9E01-4432-B2BE-D4DD29ACC582}.Release|x86.Deploy.0 = Release|x86
		{C491779A-92C6-41EF-A3AD-9A82183694A9}.Ad-Hoc|Any CPU.ActiveCfg = Release|Any CPU
		{C491779A-92C6-41EF-A3AD-9A82183694A9}.Ad-Hoc|Any CPU.Build.0 = Release|Any CPU
		{C491779A-92C6-41EF-A3AD-9A82183694A9}.Ad-Hoc|Any CPU.Deploy.0 = Release|Any CPU
		{C491779A-92C6-41EF-A3AD-9A82183694A9}.Ad-Hoc|ARM.ActiveCfg = Release|ARM
		{C491779A-92C6-41EF-A3AD-9A82183694A9}.Ad-Hoc|ARM.Build.0 = Release|ARM
		{C491779A-92C6-41EF-A3AD-9A82183694A9}.Ad-Hoc|ARM.Deploy.0 = Release|ARM
		{C491779A-92C6-41EF-A3AD-9A82183694A9}.Ad-Hoc|iPhone.ActiveCfg = Release|Any CPU
		{C491779A-92C6-41EF-A3AD-9A82183694A9}.Ad-Hoc|iPhone.Build.0 = Release|Any CPU
		{C491779A-92C6-41EF-A3AD-9A82183694A9}.Ad-Hoc|iPhone.Deploy.0 = Release|Any CPU
		{C491779A-92C6-41EF-A3AD-9A82183694A9}.Ad-Hoc|iPhoneSimulator.ActiveCfg = Release|Any CPU
		{C491779A-92C6-41EF-A3AD-9A82183694A9}.Ad-Hoc|iPhoneSimulator.Build.0 = Release|Any CPU
		{C491779A-92C6-41EF-A3AD-9A82183694A9}.Ad-Hoc|iPhoneSimulator.Deploy.0 = Release|Any CPU
		{C491779A-92C6-41EF-A3AD-9A82183694A9}.Ad-Hoc|x64.ActiveCfg = Release|x64
		{C491779A-92C6-41EF-A3AD-9A82183694A9}.Ad-Hoc|x64.Build.0 = Release|x64
		{C491779A-92C6-41EF-A3AD-9A82183694A9}.Ad-Hoc|x64.Deploy.0 = Release|x64
		{C491779A-92C6-41EF-A3AD-9A82183694A9}.Ad-Hoc|x86.ActiveCfg = Release|x86
		{C491779A-92C6-41EF-A3AD-9A82183694A9}.Ad-Hoc|x86.Build.0 = Release|x86
		{C491779A-92C6-41EF-A3AD-9A82183694A9}.Ad-Hoc|x86.Deploy.0 = Release|x86
		{C491779A-92C6-41EF-A3AD-9A82183694A9}.AppStore|Any CPU.ActiveCfg = Release|Any CPU
		{C491779A-92C6-41EF-A3AD-9A82183694A9}.AppStore|Any CPU.Build.0 = Release|Any CPU
		{C491779A-92C6-41EF-A3AD-9A82183694A9}.AppStore|Any CPU.Deploy.0 = Release|Any CPU
		{C491779A-92C6-41EF-A3AD-9A82183694A9}.AppStore|ARM.ActiveCfg = Release|ARM
		{C491779A-92C6-41EF-A3AD-9A82183694A9}.AppStore|ARM.Build.0 = Release|ARM
		{C491779A-92C6-41EF-A3AD-9A82183694A9}.AppStore|ARM.Deploy.0 = Release|ARM
		{C491779A-92C6-41EF-A3AD-9A82183694A9}.AppStore|iPhone.ActiveCfg = Release|Any CPU
		{C491779A-92C6-41EF-A3AD-9A82183694A9}.AppStore|iPhone.Build.0 = Release|Any CPU
		{C491779A-92C6-41EF-A3AD-9A82183694A9}.AppStore|iPhone.Deploy.0 = Release|Any CPU
		{C491779A-92C6-41EF-A3AD-9A82183694A9}.AppStore|iPhoneSimulator.ActiveCfg = Release|Any CPU
		{C491779A-92C6-41EF-A3AD-9A82183694A9}.AppStore|iPhoneSimulator.Build.0 = Release|Any CPU
		{C491779A-92C6-41EF-A3AD-9A82183694A9}.AppStore|iPhoneSimulator.Deploy.0 = Release|Any CPU
		{C491779A-92C6-41EF-A3AD-9A82183694A9}.AppStore|x64.ActiveCfg = Release|x64
		{C491779A-92C6-41EF-A3AD-9A82183694A9}.AppStore|x64.Build.0 = Release|x64
		{C491779A-92C6-41EF-A3AD-9A82183694A9}.AppStore|x64.Deploy.0 = Release|x64
		{C491779A-92C6-41EF-A3AD-9A82183694A9}.AppStore|x86.ActiveCfg = Release|x86
		{C491779A-92C6-41EF-A3AD-9A82183694A9}.AppStore|x86.Build.0 = Release|x86
		{C491779A-92C6-41EF-A3AD-9A82183694A9}.AppStore|x86.Deploy.0 = Release|x86
		{C491779A-92C6-41EF-A3AD-9A82183694A9}.Debug|Any CPU.ActiveCfg = Debug|Any CPU
		{C491779A-92C6-41EF-A3AD-9A82183694A9}.Debug|Any CPU.Build.0 = Debug|Any CPU
		{C491779A-92C6-41EF-A3AD-9A82183694A9}.Debug|Any CPU.Deploy.0 = Debug|Any CPU
		{C491779A-92C6-41EF-A3AD-9A82183694A9}.Debug|ARM.ActiveCfg = Debug|ARM
		{C491779A-92C6-41EF-A3AD-9A82183694A9}.Debug|ARM.Build.0 = Debug|ARM
		{C491779A-92C6-41EF-A3AD-9A82183694A9}.Debug|ARM.Deploy.0 = Debug|ARM
		{C491779A-92C6-41EF-A3AD-9A82183694A9}.Debug|iPhone.ActiveCfg = Debug|Any CPU
		{C491779A-92C6-41EF-A3AD-9A82183694A9}.Debug|iPhone.Build.0 = Debug|Any CPU
		{C491779A-92C6-41EF-A3AD-9A82183694A9}.Debug|iPhone.Deploy.0 = Debug|Any CPU
		{C491779A-92C6-41EF-A3AD-9A82183694A9}.Debug|iPhoneSimulator.ActiveCfg = Debug|Any CPU
		{C491779A-92C6-41EF-A3AD-9A82183694A9}.Debug|iPhoneSimulator.Build.0 = Debug|Any CPU
		{C491779A-92C6-41EF-A3AD-9A82183694A9}.Debug|iPhoneSimulator.Deploy.0 = Debug|Any CPU
		{C491779A-92C6-41EF-A3AD-9A82183694A9}.Debug|x64.ActiveCfg = Debug|x64
		{C491779A-92C6-41EF-A3AD-9A82183694A9}.Debug|x64.Build.0 = Debug|x64
		{C491779A-92C6-41EF-A3AD-9A82183694A9}.Debug|x64.Deploy.0 = Debug|x64
		{C491779A-92C6-41EF-A3AD-9A82183694A9}.Debug|x86.ActiveCfg = Debug|x86
		{C491779A-92C6-41EF-A3AD-9A82183694A9}.Debug|x86.Build.0 = Debug|x86
		{C491779A-92C6-41EF-A3AD-9A82183694A9}.Debug|x86.Deploy.0 = Debug|x86
		{C491779A-92C6-41EF-A3AD-9A82183694A9}.Release|Any CPU.ActiveCfg = Release|Any CPU
		{C491779A-92C6-41EF-A3AD-9A82183694A9}.Release|Any CPU.Build.0 = Release|Any CPU
		{C491779A-92C6-41EF-A3AD-9A82183694A9}.Release|Any CPU.Deploy.0 = Release|Any CPU
		{C491779A-92C6-41EF-A3AD-9A82183694A9}.Release|ARM.ActiveCfg = Release|ARM
		{C491779A-92C6-41EF-A3AD-9A82183694A9}.Release|ARM.Build.0 = Release|ARM
		{C491779A-92C6-41EF-A3AD-9A82183694A9}.Release|ARM.Deploy.0 = Release|ARM
		{C491779A-92C6-41EF-A3AD-9A82183694A9}.Release|iPhone.ActiveCfg = Release|Any CPU
		{C491779A-92C6-41EF-A3AD-9A82183694A9}.Release|iPhone.Build.0 = Release|Any CPU
		{C491779A-92C6-41EF-A3AD-9A82183694A9}.Release|iPhone.Deploy.0 = Release|Any CPU
		{C491779A-92C6-41EF-A3AD-9A82183694A9}.Release|iPhoneSimulator.ActiveCfg = Release|Any CPU
		{C491779A-92C6-41EF-A3AD-9A82183694A9}.Release|iPhoneSimulator.Build.0 = Release|Any CPU
		{C491779A-92C6-41EF-A3AD-9A82183694A9}.Release|iPhoneSimulator.Deploy.0 = Release|Any CPU
		{C491779A-92C6-41EF-A3AD-9A82183694A9}.Release|x64.ActiveCfg = Release|x64
		{C491779A-92C6-41EF-A3AD-9A82183694A9}.Release|x64.Build.0 = Release|x64
		{C491779A-92C6-41EF-A3AD-9A82183694A9}.Release|x64.Deploy.0 = Release|x64
		{C491779A-92C6-41EF-A3AD-9A82183694A9}.Release|x86.ActiveCfg = Release|x86
		{C491779A-92C6-41EF-A3AD-9A82183694A9}.Release|x86.Build.0 = Release|x86
		{C491779A-92C6-41EF-A3AD-9A82183694A9}.Release|x86.Deploy.0 = Release|x86
	EndGlobalSection
	GlobalSection(SolutionProperties) = preSolution
		HideSolutionNode = FALSE
	EndGlobalSection
EndGlobal
